# This file is automatically @generated by Poetry 1.8.3 and should not be changed by hand.

[[package]]
name = "dukpy"
version = "0.4.0"
description = "Simple JavaScript interpreter for Python"
optional = false
python-versions = "*"
files = [
    {file = "dukpy-0.4.0-cp310-cp310-macosx_10_9_x86_64.whl", hash = "sha256:cc4b628eeac9c39e2712e12b4f7f08356c4722e264fa9775306eec36a8b1b7c2"},
    {file = "dukpy-0.4.0-cp310-cp310-macosx_11_0_arm64.whl", hash = "sha256:781e65201e65ec6d33120ffc1f68be5834802ebf0b76aff79b3405e8723c8679"},
    {file = "dukpy-0.4.0-cp310-cp310-manylinux_2_17_aarch64.manylinux2014_aarch64.whl", hash = "sha256:e9f1ed1ed49c7b97b30943631431f7814fed1f2f8e026c7d4a2aea74eb3c63b2"},
    {file = "dukpy-0.4.0-cp310-cp310-manylinux_2_17_x86_64.manylinux2014_x86_64.whl", hash = "sha256:cb0ff04128c16e4d51f5f10b4347903661f5aeb6ed778c247c1fde95fb191a23"},
    {file = "dukpy-0.4.0-cp310-cp310-manylinux_2_5_i686.manylinux1_i686.manylinux_2_17_i686.manylinux2014_i686.whl", hash = "sha256:f0bf9a1ee548fd5a97f8af08e82a304ea42c3cee6300f1cd59e54d72b6b9c8d1"},
    {file = "dukpy-0.4.0-cp310-cp310-musllinux_1_1_aarch64.whl", hash = "sha256:f7e537d543ddd538f6172d60afe88de2d2160a2fd3b6541944de2148793c378e"},
    {file = "dukpy-0.4.0-cp310-cp310-musllinux_1_1_i686.whl", hash = "sha256:501f94e2374ba2340ea7e690ac1df39973e6336b6a310b89410ffa0edbae408c"},
    {file = "dukpy-0.4.0-cp310-cp310-musllinux_1_1_x86_64.whl", hash = "sha256:a9f6225aa0b6acad9ac114e8121a95f82d9bc2194c4faae59afddc9ec8975187"},
    {file = "dukpy-0.4.0-cp310-cp310-win32.whl", hash = "sha256:88c24091da57414d73c19dc64faadeb34cd0bcc5fd5caf67f77d2494be5e7e53"},
    {file = "dukpy-0.4.0-cp310-cp310-win_amd64.whl", hash = "sha256:b70b90bfc73b8aef7dd346a5f6aea6b773b6af85602649cb8bb97b343fb4060c"},
    {file = "dukpy-0.4.0-cp311-cp311-macosx_10_9_x86_64.whl", hash = "sha256:8e0b65799a6dc174a055d8f7b0702d952e7ea30c2209f0a7ee2dc133a540c123"},
    {file = "dukpy-0.4.0-cp311-cp311-macosx_11_0_arm64.whl", hash = "sha256:3dbb35b8aa6ad0a5cd32eae68bbf287b4d113b69bee310d36e88b64d2c1a6292"},
    {file = "dukpy-0.4.0-cp311-cp311-manylinux_2_17_aarch64.manylinux2014_aarch64.whl", hash = "sha256:e9ebfc337ab735e3f077649268ffcfe10fe96a39ba38bb01a8167d417d24479b"},
    {file = "dukpy-0.4.0-cp311-cp311-manylinux_2_17_x86_64.manylinux2014_x86_64.whl", hash = "sha256:601adc77605fa83ad6f4b201fd6701528c1eee1ec7de2465ca8a23c636f39552"},
    {file = "dukpy-0.4.0-cp311-cp311-manylinux_2_5_i686.manylinux1_i686.manylinux_2_17_i686.manylinux2014_i686.whl", hash = "sha256:48bba25f914a75448833d62c4601e3816df4c81326edd77bf21ea41195166aff"},
    {file = "dukpy-0.4.0-cp311-cp311-musllinux_1_1_aarch64.whl", hash = "sha256:855547fbbac7f2ec97ed659c146e8679190ff2544a61370b8de99b4c981be910"},
    {file = "dukpy-0.4.0-cp311-cp311-musllinux_1_1_i686.whl", hash = "sha256:c1eda3f2c7bb40f22baae5349c2d9c82be5a2882f8497adbd6f3fb93b1a8195c"},
    {file = "dukpy-0.4.0-cp311-cp311-musllinux_1_1_x86_64.whl", hash = "sha256:356328c25d9ef503e8592369a27403faf41907ed0cb28f5e77231120f5dfd504"},
    {file = "dukpy-0.4.0-cp311-cp311-win32.whl", hash = "sha256:169dab356c2049bab60dd3ad0ef8f4f9efe988368c73e6d22ee423fe50f7150f"},
    {file = "dukpy-0.4.0-cp311-cp311-win_amd64.whl", hash = "sha256:6b8c55ed7498f6526b321ccf04dd6b357f457176c87286715cdab07350450e3d"},
    {file = "dukpy-0.4.0-cp312-cp312-macosx_10_9_x86_64.whl", hash = "sha256:de46d0b9a38971afad0e85f45ec36728f818e9ca475a8756a62231f42b5bf457"},
    {file = "dukpy-0.4.0-cp312-cp312-macosx_11_0_arm64.whl", hash = "sha256:9923170321ebf8c0ac96c6b9fe5f28d7124fd5bc991291bba98d6913e2669e15"},
    {file = "dukpy-0.4.0-cp312-cp312-manylinux_2_17_aarch64.manylinux2014_aarch64.whl", hash = "sha256:eaedc9f39c9f228c193b3f6758580765990dd99c0320f3712d0c10a1720bf266"},
    {file = "dukpy-0.4.0-cp312-cp312-manylinux_2_17_x86_64.manylinux2014_x86_64.whl", hash = "sha256:5c23782b9738374e2481def88aebf975e754471efab29eb1f5a03da8c2354ec3"},
    {file = "dukpy-0.4.0-cp312-cp312-manylinux_2_5_i686.manylinux1_i686.manylinux_2_17_i686.manylinux2014_i686.whl", hash = "sha256:053da89e1d51c8ac6bee9f631fe068a2ff6341333559d8fc2c896bdb24c573a9"},
    {file = "dukpy-0.4.0-cp312-cp312-musllinux_1_1_aarch64.whl", hash = "sha256:faf977a2a9f60a9717c0a963b40738144b7375df997238927273e155456f01d4"},
    {file = "dukpy-0.4.0-cp312-cp312-musllinux_1_1_i686.whl", hash = "sha256:df4ddae0761700dbcd96632087a39c9f3fc7671487c68da20432e9ace63a5a8d"},
    {file = "dukpy-0.4.0-cp312-cp312-musllinux_1_1_x86_64.whl", hash = "sha256:4c0ded9a59eaefb1309459328e9655a4cf33cffd8e5322adc0d6def016e57d7b"},
    {file = "dukpy-0.4.0-cp312-cp312-win32.whl", hash = "sha256:fac4d953a2e2a98dd1a0369fbc357cef7f4c24ff314306cc192964ec0c126067"},
    {file = "dukpy-0.4.0-cp312-cp312-win_amd64.whl", hash = "sha256:c653612b1083b45adf815cb137c2c7a16ff8604a70df04229bec8858ff80188c"},
    {file = "dukpy-0.4.0-cp36-cp36m-macosx_10_9_x86_64.whl", hash = "sha256:7328254bcca4f10be4e72ba11c58a940593dda506f432519d1db980de9e6f63f"},
    {file = "dukpy-0.4.0-cp36-cp36m-manylinux_2_17_aarch64.manylinux2014_aarch64.whl", hash = "sha256:503c792e6ba0d4925f8269427480ad66b75691558afe3e1d86d6ba634a094eb7"},
    {file = "dukpy-0.4.0-cp36-cp36m-manylinux_2_17_x86_64.manylinux2014_x86_64.whl", hash = "sha256:01af28eacd173ca0eeea304b3d66664e9a99d1fca75fa65c9a0a6a7e3d82c91d"},
    {file = "dukpy-0.4.0-cp36-cp36m-manylinux_2_5_i686.manylinux1_i686.manylinux_2_17_i686.manylinux2014_i686.whl", hash = "sha256:c93199fa445b4a8acc9636fd51dbf893be1ec4b75cdfe9ed86f06e4f8f7ecbef"},
    {file = "dukpy-0.4.0-cp36-cp36m-musllinux_1_1_aarch64.whl", hash = "sha256:35abc430b8af48f7d1c72365bfbc9484a05d807134bf03f599f28b72534275d9"},
    {file = "dukpy-0.4.0-cp36-cp36m-musllinux_1_1_i686.whl", hash = "sha256:61d738867053678902145fa66f0cbfebd569f7f00a248f2a14abd865efec7acb"},
    {file = "dukpy-0.4.0-cp36-cp36m-musllinux_1_1_x86_64.whl", hash = "sha256:8346c0d31b1f3d6526b57a93e0d9084228ff0085fd6d8ed441b03be0404c7faf"},
    {file = "dukpy-0.4.0-cp36-cp36m-win32.whl", hash = "sha256:11c8e8c4a162f9a2907b0b339379f2a2656316e9f8d0219a160c847f2f20120c"},
    {file = "dukpy-0.4.0-cp36-cp36m-win_amd64.whl", hash = "sha256:c7a27cdf73e76bd1ab408113f5eb1c09cc57398a6550dc735e5ef1ef65bd4c53"},
    {file = "dukpy-0.4.0-cp37-cp37m-macosx_10_9_x86_64.whl", hash = "sha256:80f888ddaf9dd2231203b5866971722647566b1928f0f826b8d4497c8dbea8c4"},
    {file = "dukpy-0.4.0-cp37-cp37m-manylinux_2_17_aarch64.manylinux2014_aarch64.whl", hash = "sha256:909329642df0d72574d6a156b73f16330706d129e30fb5a836fa3e31ef43bc77"},
    {file = "dukpy-0.4.0-cp37-cp37m-manylinux_2_17_x86_64.manylinux2014_x86_64.whl", hash = "sha256:30a8f858207156b378fcc3434aff122eeaa48b78499aa5c7d6e453db13b9431e"},
    {file = "dukpy-0.4.0-cp37-cp37m-manylinux_2_5_i686.manylinux1_i686.manylinux_2_17_i686.manylinux2014_i686.whl", hash = "sha256:39dfd35f2fdf350dc4396894d33b6d3d5f0345aae3ee0c64d954a2046b20ad42"},
    {file = "dukpy-0.4.0-cp37-cp37m-musllinux_1_1_aarch64.whl", hash = "sha256:6a99a7303132034f52e6e5a4d93df02d52bb29ef04ec28b1cf72295a590faae7"},
    {file = "dukpy-0.4.0-cp37-cp37m-musllinux_1_1_i686.whl", hash = "sha256:56d436d29648f0df1544d2bdd4e9b7b377902de0bbfed920ecd910fe8b990da4"},
    {file = "dukpy-0.4.0-cp37-cp37m-musllinux_1_1_x86_64.whl", hash = "sha256:31d86029282fd07b76557292929affe7491701b3e1b66d15e0d82dc591402ed9"},
    {file = "dukpy-0.4.0-cp37-cp37m-win32.whl", hash = "sha256:c54c281b0965f816d9e7709a6d62cd9fd813fd40a9479f1f25893f82f8ba1347"},
    {file = "dukpy-0.4.0-cp37-cp37m-win_amd64.whl", hash = "sha256:727206e78ce2fcb8becfd2e0abbafdafa3519e5309fa040e7ff1cd6ddbd3bfa8"},
    {file = "dukpy-0.4.0-cp38-cp38-macosx_10_9_x86_64.whl", hash = "sha256:0e3cf3eb5d643f0687cf20aa62b3b3490c9ceb9309685d5bc4ed3fc8f56e8f0a"},
    {file = "dukpy-0.4.0-cp38-cp38-macosx_11_0_arm64.whl", hash = "sha256:059b0bf1fd06931092412db39ff46fa16466b15bcb22150c8d0e917bbf3727f4"},
    {file = "dukpy-0.4.0-cp38-cp38-manylinux_2_17_aarch64.manylinux2014_aarch64.whl", hash = "sha256:52cacb5f8c07b63e9fe82ce2a92c028078d06a2db9a9168d892ff1f48c09b104"},
    {file = "dukpy-0.4.0-cp38-cp38-manylinux_2_17_x86_64.manylinux2014_x86_64.whl", hash = "sha256:46f20eeaedc7aae9588bbb8a7787ea4e3183703d73c671a1d499fa21a2f5f454"},
    {file = "dukpy-0.4.0-cp38-cp38-manylinux_2_5_i686.manylinux1_i686.manylinux_2_17_i686.manylinux2014_i686.whl", hash = "sha256:b7ea9b755175b138d996494447ec0057eb968203565702b53993e3f308001252"},
    {file = "dukpy-0.4.0-cp38-cp38-musllinux_1_1_aarch64.whl", hash = "sha256:5cb3cd8605a361dd81ee983f7bf37463c24b3be340aef1c25606e1d7d620d379"},
    {file = "dukpy-0.4.0-cp38-cp38-musllinux_1_1_i686.whl", hash = "sha256:1e2527f5f8a9108b8523f493f8ace2505ccd3a75d46470bfcefbfa06d86e541f"},
    {file = "dukpy-0.4.0-cp38-cp38-musllinux_1_1_x86_64.whl", hash = "sha256:82e3161234980086a0d91d497b6b54141060c12ab7d74ed20d5aa46757b54c1e"},
    {file = "dukpy-0.4.0-cp38-cp38-win32.whl", hash = "sha256:8d610a07b9459af4e8822fb7150fcbe2dfd652555edd56702f04f1aea9821acb"},
    {file = "dukpy-0.4.0-cp38-cp38-win_amd64.whl", hash = "sha256:8ecec348ce8139614c67078f88dedd711c5585e47344e5a537596a38ff6dcc69"},
    {file = "dukpy-0.4.0-cp39-cp39-macosx_10_9_x86_64.whl", hash = "sha256:34004ab51a1eb693cbeaa2a3bc58b71d3737e0f7c50ff470a8c487d1eb723365"},
    {file = "dukpy-0.4.0-cp39-cp39-macosx_11_0_arm64.whl", hash = "sha256:0191805195f06cf997456b474a121c0775478c196c96c64568762ab43e588afa"},
    {file = "dukpy-0.4.0-cp39-cp39-manylinux_2_17_aarch64.manylinux2014_aarch64.whl", hash = "sha256:96a59c31f4520063428e8f6b4e26ddf0882ce56aee98650f234eec66be37b8e8"},
    {file = "dukpy-0.4.0-cp39-cp39-manylinux_2_17_x86_64.manylinux2014_x86_64.whl", hash = "sha256:2a85cfa88da4ea2569b8a3e1f3bf409b8b90820ff832261df65aae5e9279899f"},
    {file = "dukpy-0.4.0-cp39-cp39-manylinux_2_5_i686.manylinux1_i686.manylinux_2_17_i686.manylinux2014_i686.whl", hash = "sha256:7cec31fabe25542e5465311f3533867606064c676b1eb68f25129518a7028ba5"},
    {file = "dukpy-0.4.0-cp39-cp39-musllinux_1_1_aarch64.whl", hash = "sha256:6402493da0809ed6c36b2e482b6f8e8dd865ad898af0f754c8b203af3fd63d01"},
    {file = "dukpy-0.4.0-cp39-cp39-musllinux_1_1_i686.whl", hash = "sha256:0fc2eccdf25aee28a7b1d7a238300a4671438f834a320eea8983463f0ad28cbf"},
    {file = "dukpy-0.4.0-cp39-cp39-musllinux_1_1_x86_64.whl", hash = "sha256:f38b7553761197786ca91fe4cb954586701674e118d2843f983a0b9ec4662df8"},
    {file = "dukpy-0.4.0-cp39-cp39-win32.whl", hash = "sha256:e22ed7f5710fee7009e6ff115808d1a24ec747dff69764458833acba4f0f8935"},
    {file = "dukpy-0.4.0-cp39-cp39-win_amd64.whl", hash = "sha256:574f7e088c7cabc14e5d517f816fa1274f102a01efa5dac1864e4c0b781fb38a"},
    {file = "dukpy-0.4.0-pp310-pypy310_pp73-macosx_10_9_x86_64.whl", hash = "sha256:bc0e11550e720e479fbe25b77cb2977fed2de52760f2cd39c96f767c2b732cb4"},
    {file = "dukpy-0.4.0-pp310-pypy310_pp73-macosx_11_0_arm64.whl", hash = "sha256:b5c67856b28f7fbbb029a496c0b5a84b26a75a514cefb78e1cdb0b91449e993f"},
    {file = "dukpy-0.4.0-pp310-pypy310_pp73-manylinux_2_17_aarch64.manylinux2014_aarch64.whl", hash = "sha256:419ef43f38872269bdde8e966b35dd4efb0eb66f816ff621c496b79f1f59382b"},
    {file = "dukpy-0.4.0-pp310-pypy310_pp73-manylinux_2_17_x86_64.manylinux2014_x86_64.whl", hash = "sha256:49c5e24233bb56ffa3d9c76bfacf982f74054c37933759f803387055c9e8a02e"},
    {file = "dukpy-0.4.0-pp310-pypy310_pp73-manylinux_2_5_i686.manylinux1_i686.manylinux_2_17_i686.manylinux2014_i686.whl", hash = "sha256:ac687961f5448a29aa3c3e6d2919fdb25d8d689c2d551320b31b10d0164496fd"},
    {file = "dukpy-0.4.0-pp310-pypy310_pp73-win_amd64.whl", hash = "sha256:108dea56d21a2be12a6b4c567343cef79406cd1520cd2549f0f90dc325f949ca"},
    {file = "dukpy-0.4.0-pp37-pypy37_pp73-macosx_10_9_x86_64.whl", hash = "sha256:c7f6ac34bd11b0cff03ffb2bffdc93a8331a18d4bc4b7358a8ff490a0ccb7b14"},
    {file = "dukpy-0.4.0-pp37-pypy37_pp73-manylinux_2_17_aarch64.manylinux2014_aarch64.whl", hash = "sha256:a0d8600fb790845f761f6d672c75e1973aee8de5499d2eacfd6d0ceefd1ec34a"},
    {file = "dukpy-0.4.0-pp37-pypy37_pp73-manylinux_2_17_x86_64.manylinux2014_x86_64.whl", hash = "sha256:a63e6243684197abd8f57ef62248c2764021a7cdc7346f0538f631b8774fc997"},
    {file = "dukpy-0.4.0-pp37-pypy37_pp73-manylinux_2_5_i686.manylinux1_i686.manylinux_2_17_i686.manylinux2014_i686.whl", hash = "sha256:dc602343a2ac8647d6656e74bd1e79b866c8f48aa7112507fafdd14b7a67dd40"},
    {file = "dukpy-0.4.0-pp37-pypy37_pp73-win_amd64.whl", hash = "sha256:3beb81b3a7432d3962b37d5ad2ac1c562209ae320efe22d915c5ad32b8a86c67"},
    {file = "dukpy-0.4.0-pp38-pypy38_pp73-macosx_10_9_x86_64.whl", hash = "sha256:4de21a0d83888958cecfb60cbb79b6bbbc8c70505e1da53d73d02620b32f798c"},
    {file = "dukpy-0.4.0-pp38-pypy38_pp73-macosx_11_0_arm64.whl", hash = "sha256:eaa47bb14e7eec70cc6a4b7695e48d49ba4d65d847ef8965e815f812a6e86bea"},
    {file = "dukpy-0.4.0-pp38-pypy38_pp73-manylinux_2_17_aarch64.manylinux2014_aarch64.whl", hash = "sha256:b0d547f73bd5c05eb38d5b03af6ae801a2f3c5b584d96fef3d2a2afae4b13623"},
    {file = "dukpy-0.4.0-pp38-pypy38_pp73-manylinux_2_17_x86_64.manylinux2014_x86_64.whl", hash = "sha256:65e7631e9a0da15f0f4897f7f57421e5aa5c5eab466731271d9a32c3b0cce5be"},
    {file = "dukpy-0.4.0-pp38-pypy38_pp73-manylinux_2_5_i686.manylinux1_i686.manylinux_2_17_i686.manylinux2014_i686.whl", hash = "sha256:98f7ef3e41960915b2cf903b0786070be438b23be4826af82adb1570ddf97d13"},
    {file = "dukpy-0.4.0-pp38-pypy38_pp73-win_amd64.whl", hash = "sha256:cf69d55374f480c021e69cdcccac8a5c4b3375fa6ce0d7e3bec610dc660f9f4c"},
    {file = "dukpy-0.4.0-pp39-pypy39_pp73-macosx_10_9_x86_64.whl", hash = "sha256:5ed94e7fadb73a5bc7b6ccdcd92789c7de1ce261f8a976641d4f89266cb32e72"},
    {file = "dukpy-0.4.0-pp39-pypy39_pp73-macosx_11_0_arm64.whl", hash = "sha256:74321da1ef7943e1f2f3f0a1353e780f13e302834d1afa63547c531e9add23d0"},
    {file = "dukpy-0.4.0-pp39-pypy39_pp73-manylinux_2_17_aarch64.manylinux2014_aarch64.whl", hash = "sha256:d5442604d5eba8d7fe0dff2dbb09b98455bb7c74e477ef45db61c99e40957284"},
    {file = "dukpy-0.4.0-pp39-pypy39_pp73-manylinux_2_17_x86_64.manylinux2014_x86_64.whl", hash = "sha256:73517558f5cb3ffbf13a509212f89c000169a30cfc3d71c2f1f29cb73f3d7628"},
    {file = "dukpy-0.4.0-pp39-pypy39_pp73-manylinux_2_5_i686.manylinux1_i686.manylinux_2_17_i686.manylinux2014_i686.whl", hash = "sha256:097d2db90f78f310bcdd789ca07dcb126301d3888099b90ccd4b20df3a7304d1"},
    {file = "dukpy-0.4.0-pp39-pypy39_pp73-win_amd64.whl", hash = "sha256:95d1ef769360160ebd5716afe9e96ca7a4a3cad7e7f4ca5b9a47061f581b4b9e"},
    {file = "dukpy-0.4.0.tar.gz", hash = "sha256:677ec7102d1c1c511f7ef918078e8099778dbcea7caf3d6a2a2a72f72aa2d135"},
]

[package.dependencies]
mutf8 = "*"

[package.extras]
testing = ["mock", "pytest", "pytest-cov"]
webassets = ["webassets"]

[[package]]
name = "mutf8"
version = "1.0.6"
description = "Fast MUTF-8 encoder & decoder"
optional = false
python-versions = "*"
files = [
    {file = "mutf8-1.0.6-cp36-cp36m-macosx_10_14_x86_64.whl", hash = "sha256:74ae69cd9790fa4f0f6a7b0db503c459c955b8235551baf683cb4f3f31677063"},
    {file = "mutf8-1.0.6-cp36-cp36m-manylinux_2_5_x86_64.manylinux1_x86_64.manylinux_2_17_x86_64.manylinux2014_x86_64.whl", hash = "sha256:fcf20045263ce8ebd6c47e94c9477ab0d388ed169a69ad2d8f19bcbf0b87f401"},
    {file = "mutf8-1.0.6-cp36-cp36m-win_amd64.whl", hash = "sha256:83c38555db263e369e95533d80848d8e4296e302303b72082b98c3124cba504d"},
    {file = "mutf8-1.0.6-cp37-cp37m-macosx_10_14_x86_64.whl", hash = "sha256:e09f4a19e5500699bb42074890b463b785ab9a8d95c7d793e590405f3b4b29d7"},
    {file = "mutf8-1.0.6-cp37-cp37m-manylinux_2_5_x86_64.manylinux1_x86_64.manylinux_2_17_x86_64.manylinux2014_x86_64.whl", hash = "sha256:1f4f497f20e3ea7968496c1eb1e1cb259c53ad040879e1e83ffb755a12112a04"},
    {file = "mutf8-1.0.6-cp37-cp37m-win_amd64.whl", hash = "sha256:1925f5490fabca5c34138ed6644a1a093b0d935252207a5e89664097ff14114c"},
    {file = "mutf8-1.0.6-cp38-cp38-macosx_10_14_x86_64.whl", hash = "sha256:018ceda7cdb66a1d3e9c07a71a1a35b92570fbb1230887a34ad784ff4d349981"},
    {file = "mutf8-1.0.6-cp38-cp38-manylinux_2_5_x86_64.manylinux1_x86_64.manylinux_2_17_x86_64.manylinux2014_x86_64.whl", hash = "sha256:7a67e88534a7641c513dad13f2f7913239808df4a5d0b822eda0ff9024431e0b"},
    {file = "mutf8-1.0.6-cp38-cp38-win_amd64.whl", hash = "sha256:0d1325d42806b31901a0ddd4ef199144e508fd9f6f3c75a8305d5979365b66c3"},
    {file = "mutf8-1.0.6-cp39-cp39-macosx_10_14_x86_64.whl", hash = "sha256:3207a071ead14d928213019f12b5554b179f61a16a8094ed660b755990db3652"},
    {file = "mutf8-1.0.6-cp39-cp39-manylinux_2_5_x86_64.manylinux1_x86_64.manylinux_2_17_x86_64.manylinux2014_x86_64.whl", hash = "sha256:6172b5babc0c819636830fc79ca9c3a82662ef1ee764c82c1b59fbf6ea54d82f"},
    {file = "mutf8-1.0.6-cp39-cp39-win_amd64.whl", hash = "sha256:4f7a24b55c53d508a7ecb2e8c6fe14e4fcefaa4c48100b446e73217ade7875a0"},
    {file = "mutf8-1.0.6.tar.gz", hash = "sha256:1bbbefb67c2e5a57104750bb04b0912200b57b2fa9841be245279e83859cb346"},
]

[package.extras]
test = ["pytest", "pytest-benchmark"]

[[package]]
name = "numpy"
version = "2.0.1"
description = "Fundamental package for array computing in Python"
optional = false
python-versions = ">=3.9"
files = [
    {file = "numpy-2.0.1-cp310-cp310-macosx_10_9_x86_64.whl", hash = "sha256:0fbb536eac80e27a2793ffd787895242b7f18ef792563d742c2d673bfcb75134"},
    {file = "numpy-2.0.1-cp310-cp310-macosx_11_0_arm64.whl", hash = "sha256:69ff563d43c69b1baba77af455dd0a839df8d25e8590e79c90fcbe1499ebde42"},
    {file = "numpy-2.0.1-cp310-cp310-macosx_14_0_arm64.whl", hash = "sha256:1b902ce0e0a5bb7704556a217c4f63a7974f8f43e090aff03fcf262e0b135e02"},
    {file = "numpy-2.0.1-cp310-cp310-macosx_14_0_x86_64.whl", hash = "sha256:f1659887361a7151f89e79b276ed8dff3d75877df906328f14d8bb40bb4f5101"},
    {file = "numpy-2.0.1-cp310-cp310-manylinux_2_17_aarch64.manylinux2014_aarch64.whl", hash = "sha256:4658c398d65d1b25e1760de3157011a80375da861709abd7cef3bad65d6543f9"},
    {file = "numpy-2.0.1-cp310-cp310-manylinux_2_17_x86_64.manylinux2014_x86_64.whl", hash = "sha256:4127d4303b9ac9f94ca0441138acead39928938660ca58329fe156f84b9f3015"},
    {file = "numpy-2.0.1-cp310-cp310-musllinux_1_1_x86_64.whl", hash = "sha256:e5eeca8067ad04bc8a2a8731183d51d7cbaac66d86085d5f4766ee6bf19c7f87"},
    {file = "numpy-2.0.1-cp310-cp310-musllinux_1_2_aarch64.whl", hash = "sha256:9adbd9bb520c866e1bfd7e10e1880a1f7749f1f6e5017686a5fbb9b72cf69f82"},
    {file = "numpy-2.0.1-cp310-cp310-win32.whl", hash = "sha256:7b9853803278db3bdcc6cd5beca37815b133e9e77ff3d4733c247414e78eb8d1"},
    {file = "numpy-2.0.1-cp310-cp310-win_amd64.whl", hash = "sha256:81b0893a39bc5b865b8bf89e9ad7807e16717f19868e9d234bdaf9b1f1393868"},
    {file = "numpy-2.0.1-cp311-cp311-macosx_10_9_x86_64.whl", hash = "sha256:75b4e316c5902d8163ef9d423b1c3f2f6252226d1aa5cd8a0a03a7d01ffc6268"},
    {file = "numpy-2.0.1-cp311-cp311-macosx_11_0_arm64.whl", hash = "sha256:6e4eeb6eb2fced786e32e6d8df9e755ce5be920d17f7ce00bc38fcde8ccdbf9e"},
    {file = "numpy-2.0.1-cp311-cp311-macosx_14_0_arm64.whl", hash = "sha256:a1e01dcaab205fbece13c1410253a9eea1b1c9b61d237b6fa59bcc46e8e89343"},
    {file = "numpy-2.0.1-cp311-cp311-macosx_14_0_x86_64.whl", hash = "sha256:a8fc2de81ad835d999113ddf87d1ea2b0f4704cbd947c948d2f5513deafe5a7b"},
    {file = "numpy-2.0.1-cp311-cp311-manylinux_2_17_aarch64.manylinux2014_aarch64.whl", hash = "sha256:5a3d94942c331dd4e0e1147f7a8699a4aa47dffc11bf8a1523c12af8b2e91bbe"},
    {file = "numpy-2.0.1-cp311-cp311-manylinux_2_17_x86_64.manylinux2014_x86_64.whl", hash = "sha256:15eb4eca47d36ec3f78cde0a3a2ee24cf05ca7396ef808dda2c0ddad7c2bde67"},
    {file = "numpy-2.0.1-cp311-cp311-musllinux_1_1_x86_64.whl", hash = "sha256:b83e16a5511d1b1f8a88cbabb1a6f6a499f82c062a4251892d9ad5d609863fb7"},
    {file = "numpy-2.0.1-cp311-cp311-musllinux_1_2_aarch64.whl", hash = "sha256:1f87fec1f9bc1efd23f4227becff04bd0e979e23ca50cc92ec88b38489db3b55"},
    {file = "numpy-2.0.1-cp311-cp311-win32.whl", hash = "sha256:36d3a9405fd7c511804dc56fc32974fa5533bdeb3cd1604d6b8ff1d292b819c4"},
    {file = "numpy-2.0.1-cp311-cp311-win_amd64.whl", hash = "sha256:08458fbf403bff5e2b45f08eda195d4b0c9b35682311da5a5a0a0925b11b9bd8"},
    {file = "numpy-2.0.1-cp312-cp312-macosx_10_9_x86_64.whl", hash = "sha256:6bf4e6f4a2a2e26655717a1983ef6324f2664d7011f6ef7482e8c0b3d51e82ac"},
    {file = "numpy-2.0.1-cp312-cp312-macosx_11_0_arm64.whl", hash = "sha256:7d6fddc5fe258d3328cd8e3d7d3e02234c5d70e01ebe377a6ab92adb14039cb4"},
    {file = "numpy-2.0.1-cp312-cp312-macosx_14_0_arm64.whl", hash = "sha256:5daab361be6ddeb299a918a7c0864fa8618af66019138263247af405018b04e1"},
    {file = "numpy-2.0.1-cp312-cp312-macosx_14_0_x86_64.whl", hash = "sha256:ea2326a4dca88e4a274ba3a4405eb6c6467d3ffbd8c7d38632502eaae3820587"},
    {file = "numpy-2.0.1-cp312-cp312-manylinux_2_17_aarch64.manylinux2014_aarch64.whl", hash = "sha256:529af13c5f4b7a932fb0e1911d3a75da204eff023ee5e0e79c1751564221a5c8"},
    {file = "numpy-2.0.1-cp312-cp312-manylinux_2_17_x86_64.manylinux2014_x86_64.whl", hash = "sha256:6790654cb13eab303d8402354fabd47472b24635700f631f041bd0b65e37298a"},
    {file = "numpy-2.0.1-cp312-cp312-musllinux_1_1_x86_64.whl", hash = "sha256:cbab9fc9c391700e3e1287666dfd82d8666d10e69a6c4a09ab97574c0b7ee0a7"},
    {file = "numpy-2.0.1-cp312-cp312-musllinux_1_2_aarch64.whl", hash = "sha256:99d0d92a5e3613c33a5f01db206a33f8fdf3d71f2912b0de1739894668b7a93b"},
    {file = "numpy-2.0.1-cp312-cp312-win32.whl", hash = "sha256:173a00b9995f73b79eb0191129f2455f1e34c203f559dd118636858cc452a1bf"},
    {file = "numpy-2.0.1-cp312-cp312-win_amd64.whl", hash = "sha256:bb2124fdc6e62baae159ebcfa368708867eb56806804d005860b6007388df171"},
    {file = "numpy-2.0.1-cp39-cp39-macosx_10_9_x86_64.whl", hash = "sha256:bfc085b28d62ff4009364e7ca34b80a9a080cbd97c2c0630bb5f7f770dae9414"},
    {file = "numpy-2.0.1-cp39-cp39-macosx_11_0_arm64.whl", hash = "sha256:8fae4ebbf95a179c1156fab0b142b74e4ba4204c87bde8d3d8b6f9c34c5825ef"},
    {file = "numpy-2.0.1-cp39-cp39-macosx_14_0_arm64.whl", hash = "sha256:72dc22e9ec8f6eaa206deb1b1355eb2e253899d7347f5e2fae5f0af613741d06"},
    {file = "numpy-2.0.1-cp39-cp39-macosx_14_0_x86_64.whl", hash = "sha256:ec87f5f8aca726117a1c9b7083e7656a9d0d606eec7299cc067bb83d26f16e0c"},
    {file = "numpy-2.0.1-cp39-cp39-manylinux_2_17_aarch64.manylinux2014_aarch64.whl", hash = "sha256:1f682ea61a88479d9498bf2091fdcd722b090724b08b31d63e022adc063bad59"},
    {file = "numpy-2.0.1-cp39-cp39-manylinux_2_17_x86_64.manylinux2014_x86_64.whl", hash = "sha256:8efc84f01c1cd7e34b3fb310183e72fcdf55293ee736d679b6d35b35d80bba26"},
    {file = "numpy-2.0.1-cp39-cp39-musllinux_1_1_x86_64.whl", hash = "sha256:3fdabe3e2a52bc4eff8dc7a5044342f8bd9f11ef0934fcd3289a788c0eb10018"},
    {file = "numpy-2.0.1-cp39-cp39-musllinux_1_2_aarch64.whl", hash = "sha256:24a0e1befbfa14615b49ba9659d3d8818a0f4d8a1c5822af8696706fbda7310c"},
    {file = "numpy-2.0.1-cp39-cp39-win32.whl", hash = "sha256:f9cf5ea551aec449206954b075db819f52adc1638d46a6738253a712d553c7b4"},
    {file = "numpy-2.0.1-cp39-cp39-win_amd64.whl", hash = "sha256:e9e81fa9017eaa416c056e5d9e71be93d05e2c3c2ab308d23307a8bc4443c368"},
    {file = "numpy-2.0.1-pp39-pypy39_pp73-macosx_10_9_x86_64.whl", hash = "sha256:61728fba1e464f789b11deb78a57805c70b2ed02343560456190d0501ba37b0f"},
    {file = "numpy-2.0.1-pp39-pypy39_pp73-macosx_14_0_x86_64.whl", hash = "sha256:12f5d865d60fb9734e60a60f1d5afa6d962d8d4467c120a1c0cda6eb2964437d"},
    {file = "numpy-2.0.1-pp39-pypy39_pp73-manylinux_2_17_x86_64.manylinux2014_x86_64.whl", hash = "sha256:eacf3291e263d5a67d8c1a581a8ebbcfd6447204ef58828caf69a5e3e8c75990"},
    {file = "numpy-2.0.1-pp39-pypy39_pp73-win_amd64.whl", hash = "sha256:2c3a346ae20cfd80b6cfd3e60dc179963ef2ea58da5ec074fd3d9e7a1e7ba97f"},
    {file = "numpy-2.0.1.tar.gz", hash = "sha256:485b87235796410c3519a699cfe1faab097e509e90ebb05dcd098db2ae87e7b3"},
]

[[package]]
name = "pybind11"
version = "2.13.3"
description = "Seamless operability between C++11 and Python"
optional = false
python-versions = ">=3.7"
files = [
    {file = "pybind11-2.13.3-py3-none-any.whl", hash = "sha256:23f2e842ae2f37babec486d372f2545198a506df785a5fefccf6f0ad3f72a5fb"},
    {file = "pybind11-2.13.3.tar.gz", hash = "sha256:84b1314ca72397f79854161cf852466629dd374bb0efce0c6501d745699d9a43"},
]

[package.extras]
global = ["pybind11-global (==2.13.3)"]

[[package]]
name = "pysdl2"
version = "0.9.16"
description = "Python SDL2 bindings"
optional = false
python-versions = "*"
files = [
    {file = "PySDL2-0.9.16.tar.gz", hash = "sha256:1027406badbecdd30fe56e800a5a76ad7d7271a3aec0b7acf780ee26a00f2d40"},
]

[[package]]
name = "pysdl2-dll"
version = "2.30.2"
description = "Pre-built SDL2 binaries for PySDL2"
optional = false
python-versions = "*"
files = [
    {file = "pysdl2-dll-2.30.2.tar.gz", hash = "sha256:fdde25cf1863c7cc538da4bb997f5bdf87cbbcf09aa6a736d11e6c3848d04900"},
    {file = "pysdl2_dll-2.30.2-py2.py3-none-macosx_10_11_universal2.whl", hash = "sha256:bfab2f1a34a9eced88e9a6846f807596ecdc3a706779763a2e2be014f468da14"},
    {file = "pysdl2_dll-2.30.2-py2.py3-none-macosx_10_11_x86_64.whl", hash = "sha256:890233f56f544d3f08c9a6cc1ca1d1ce9e2621983baaff74a949a93dc311ed9f"},
    {file = "pysdl2_dll-2.30.2-py2.py3-none-manylinux2014_i686.whl", hash = "sha256:d8534970c452bb0c5b7a2a24c39105e28c69438333be285b7ccdb8edab2e9e90"},
    {file = "pysdl2_dll-2.30.2-py2.py3-none-manylinux2014_x86_64.whl", hash = "sha256:e6a3b4fbca88c4a729610bf35a0968a906166441f38479a95214ef6e347b197e"},
    {file = "pysdl2_dll-2.30.2-py2.py3-none-manylinux_2_28_aarch64.whl", hash = "sha256:dbb9bab74ed72912781523dbcaa537657faf9e3690d5c7f99712aea379dfe652"},
    {file = "pysdl2_dll-2.30.2-py2.py3-none-manylinux_2_28_x86_64.whl", hash = "sha256:97e16b03b8d0a25c78dabb216ae741d9a2c174186d7544c93a4bce093b60bcca"},
    {file = "pysdl2_dll-2.30.2-py2.py3-none-win32.whl", hash = "sha256:2b710986fb7f0c36eebf0d75a8b1d96d47e3b31a926673a72f63d683494efbc9"},
    {file = "pysdl2_dll-2.30.2-py2.py3-none-win_amd64.whl", hash = "sha256:1f243b9bd3f48a782f9feec26c261b0ae5ffbc3aa78756c5853e992fa5e7dfcf"},
]

[[package]]
name = "skia-python"
version = "87.6"
description = "Skia python binding"
optional = false
python-versions = "*"
files = [
    {file = "skia_python-87.6-cp310-cp310-macosx_10_9_x86_64.whl", hash = "sha256:b90602d4d4944e7c3a9dcdd2ba6ff8a236f0c5368cbb02c5d0a4b2e66b0a80f5"},
    {file = "skia_python-87.6-cp310-cp310-macosx_11_0_arm64.whl", hash = "sha256:96a1183f760ae58a1d8dff3699d9bd133d3a107909188431e0b7adc799baedc3"},
    {file = "skia_python-87.6-cp310-cp310-manylinux_2_17_aarch64.manylinux2014_aarch64.whl", hash = "sha256:6bb0897acd817c539e4545688eb3094cf0c17083d2cac1a9488e8d18881dc83b"},
    {file = "skia_python-87.6-cp310-cp310-manylinux_2_17_x86_64.manylinux2014_x86_64.whl", hash = "sha256:d1760854610dfb8ed282bf932433d36b8f9c3a31d96f3144d2ef0e1cb5035436"},
    {file = "skia_python-87.6-cp310-cp310-win_amd64.whl", hash = "sha256:2e2d314e50eb4123ddf005d199e7c83771d1541f1f2e70eb1be93facbe90e981"},
    {file = "skia_python-87.6-cp311-cp311-macosx_10_9_x86_64.whl", hash = "sha256:9a23c3aebcf4f58038b8cdee0439fcd1dd4bd007f3e959bbf0abbce8628d405d"},
    {file = "skia_python-87.6-cp311-cp311-macosx_11_0_arm64.whl", hash = "sha256:1945a606a6a8316a43ea2fab5ad65c580bf02f26fe527e5212bab817b459a1d1"},
    {file = "skia_python-87.6-cp311-cp311-manylinux_2_17_aarch64.manylinux2014_aarch64.whl", hash = "sha256:78c7d4f67f18f37efb33b884c7cd8d039167bcca1ebb44e772f3b223171729c2"},
    {file = "skia_python-87.6-cp311-cp311-manylinux_2_17_x86_64.manylinux2014_x86_64.whl", hash = "sha256:29ec53433fcb485bb0769eb71828c792f6bc6ebb31de326e93ea55980b895168"},
    {file = "skia_python-87.6-cp311-cp311-win_amd64.whl", hash = "sha256:7f25734f55ab9c830d8de0301b55080f5930366b22eaf258eeb532108ee7a30f"},
    {file = "skia_python-87.6-cp312-cp312-macosx_10_9_x86_64.whl", hash = "sha256:ed97cb66397d70a87a86eca0a56695b34634b54628974cc9fe4ec33c6006eec8"},
    {file = "skia_python-87.6-cp312-cp312-macosx_11_0_arm64.whl", hash = "sha256:5bd431b2571601da877275dc1b8f369ffcbaed15fe6a49c745faed0d4d53f2a7"},
    {file = "skia_python-87.6-cp312-cp312-manylinux_2_17_aarch64.manylinux2014_aarch64.whl", hash = "sha256:099b45e9739825a0ed656a4c48d0587ef339262de28fefe5ba28e31bd6eab771"},
    {file = "skia_python-87.6-cp312-cp312-manylinux_2_17_x86_64.manylinux2014_x86_64.whl", hash = "sha256:b4797d81f053c9147e8c5006192083ad265d17f5f093b9bac5f0f0c166a78c0c"},
    {file = "skia_python-87.6-cp312-cp312-win_amd64.whl", hash = "sha256:e18e6b2fc7efde3a53c5a5ba49a88e083d0eac9ea78e3fbbfe5b61e9e6df0fed"},
    {file = "skia_python-87.6-cp38-cp38-macosx_10_9_x86_64.whl", hash = "sha256:e2635e00e5541854d7cd5a2f7301f40a159afd9377a943ae277ebf181e163faf"},
    {file = "skia_python-87.6-cp38-cp38-macosx_11_0_arm64.whl", hash = "sha256:3178ef7ec554f0ac248d29be5b5362eb731eb05dae649a8d30551afb91068a50"},
    {file = "skia_python-87.6-cp38-cp38-manylinux_2_17_aarch64.manylinux2014_aarch64.whl", hash = "sha256:c273e30558a805ab6e5a3b1270ef60a7780784a0db7258cf08cd34e08d0b6084"},
    {file = "skia_python-87.6-cp38-cp38-manylinux_2_17_x86_64.manylinux2014_x86_64.whl", hash = "sha256:6b2b6604adfd5a33ac3cebe31572eb71b71a5faa384091fe873fc3589e62c5eb"},
    {file = "skia_python-87.6-cp38-cp38-win_amd64.whl", hash = "sha256:c523369bb86d2db691883e571066c468c3471e013cddbaa0668ff3bbe044b4d0"},
    {file = "skia_python-87.6-cp39-cp39-macosx_10_9_x86_64.whl", hash = "sha256:d0b72bb375998e9c2390d3b3d000454d86b7852c17f7955fd21983d6f6e60aa0"},
    {file = "skia_python-87.6-cp39-cp39-macosx_11_0_arm64.whl", hash = "sha256:939dc2755d2db4ca8cca01d8b868d2f16589d911e6f7d556d7751311b735efa5"},
    {file = "skia_python-87.6-cp39-cp39-manylinux_2_17_aarch64.manylinux2014_aarch64.whl", hash = "sha256:48ab551bc2115db73b82596d230110e2b47bdcd75d216c541bd88144a1b6c99e"},
    {file = "skia_python-87.6-cp39-cp39-manylinux_2_17_x86_64.manylinux2014_x86_64.whl", hash = "sha256:75e1894084e1395a5feb03d9c0d21bca1b737b7fd18f14e1cef4da87ec6a6ed5"},
    {file = "skia_python-87.6-cp39-cp39-win_amd64.whl", hash = "sha256:4c20cb3679bcbb72661ef8d397ddc7547d60f4af2016b7a02a6b153b0041f92c"},
]

[package.dependencies]
numpy = "*"
pybind11 = ">=2.6"

[metadata]
lock-version = "2.0"
python-versions = "^3.11"
content-hash = "366fd0b8b890375c2fcb7a6f13fc55e3ccb45e2ac84af8591d05bcab60b87981"
